{
  "name": "js2image",
  "version": "1.0.0",
  "lockfileVersion": 1,
  "requires": true,
  "dependencies": {
    "align-text": {
      "version": "0.1.4",
      "resolved": "https://registry.npmjs.org/align-text/-/align-text-0.1.4.tgz",
      "integrity": "sha1-DNkKVhCT810KmSVsIrcGlDP60Rc=",
      "requires": {
        "kind-of": "3.2.2",
        "longest": "1.0.1",
        "repeat-string": "1.6.1"
      }
    },
    "ansi-styles": {
      "version": "3.2.1",
      "resolved": "https://registry.npmjs.org/ansi-styles/-/ansi-styles-3.2.1.tgz",
      "integrity": "sha512-VT0ZI6kZRdTh8YyJw3SMbYm/u+NqfsAxEpWO0Pf9sq8/e94WxxOpPKx9FR1FlyCtOVDNOQ+8ntlqFxiRc+r5qA==",
      "requires": {
        "color-convert": "1.9.1"
      }
    },
    "ansy": {
      "version": "1.0.13",
      "resolved": "https://registry.npmjs.org/ansy/-/ansy-1.0.13.tgz",
      "integrity": "sha512-zO9+N/z1cEDQOjJSaqeUQTorTfl1sTfjx7qlQ/IMIE//UgDfmVqrRy9Aop+m0gFZe2+1VpqXw5PZXSbS/LQRVA==",
      "requires": {
        "ansi-styles": "3.2.1",
        "custom-return": "1.0.10",
        "supports-color": "3.2.3",
        "ul": "5.2.13"
      }
    },
    "array-parallel": {
      "version": "0.1.3",
      "resolved": "https://registry.npmjs.org/array-parallel/-/array-parallel-0.1.3.tgz",
      "integrity": "sha1-j3hTCJJu1apHjEfmTRszS2wMlH0="
    },
    "array-series": {
      "version": "0.1.5",
      "resolved": "https://registry.npmjs.org/array-series/-/array-series-0.1.5.tgz",
      "integrity": "sha1-3103v8XC7wdV4qpPkv6ufUtaly8="
    },
    "asciify-pixel": {
      "version": "1.2.12",
      "resolved": "https://registry.npmjs.org/asciify-pixel/-/asciify-pixel-1.2.12.tgz",
      "integrity": "sha512-fGNWJ6p/djfjlU4hqIs6LpoaVoTEATB1dZLRJ0EGoAycf4MWWzWCu8fLI3449JJC7XhDTJ5J0USKTKz7wkYZGw==",
      "requires": {
        "couleurs": "6.0.9",
        "deffy": "2.2.2",
        "pixel-bg": "1.0.8",
        "pixel-class": "1.0.7",
        "pixel-white-bg": "1.0.7",
        "ul": "5.2.13"
      }
    },
    "asciify-pixel-matrix": {
      "version": "1.0.12",
      "resolved": "https://registry.npmjs.org/asciify-pixel-matrix/-/asciify-pixel-matrix-1.0.12.tgz",
      "integrity": "sha512-huTyfgwdGbbvz7JoQFpuRiunoeW6wzcP69/vL+kT+QRiV09SpGxd7qozfKgd2PvgVi9kzYYZlcdYsiD7+lOrtQ==",
      "requires": {
        "asciify-pixel": "1.2.12",
        "ul": "5.2.13"
      }
    },
    "assured": {
      "version": "1.0.12",
      "resolved": "https://registry.npmjs.org/assured/-/assured-1.0.12.tgz",
      "integrity": "sha512-QR2Tb3fTIHed2XQr9gukFxDI8BJOKbk02k2a86y+BAiOuHUNL0tPlRbnK84XfXVU/L4MQZQf9x+O391xlAYh8g==",
      "requires": {
        "noop6": "1.0.7",
        "sliced": "1.0.1"
      }
    },
    "bluebird": {
      "version": "3.5.1",
      "resolved": "https://registry.npmjs.org/bluebird/-/bluebird-3.5.1.tgz",
      "integrity": "sha512-MKiLiV+I1AA596t9w1sQJ8jkiSr5+ZKi0WKrYGUn6d1Fx+Ij4tIj+m2WMQSGczs5jZVxV339chE8iwk6F64wjA=="
    },
    "camelcase": {
      "version": "1.2.1",
      "resolved": "https://registry.npmjs.org/camelcase/-/camelcase-1.2.1.tgz",
      "integrity": "sha1-m7UwTS4LVmmLLHWLCKPqqdqlijk="
    },
    "cb-buffer": {
      "version": "2.1.7",
      "resolved": "https://registry.npmjs.org/cb-buffer/-/cb-buffer-2.1.7.tgz",
      "integrity": "sha512-bCzYKH74eYHOJuovmyEWidc+AWE/Nj7DvVfhcHiCv73Q4axcwtS2VSAq9xXCJdrXVS9e0wmb25jGfGRDzHBX9Q=="
    },
    "center-align": {
      "version": "0.1.3",
      "resolved": "https://registry.npmjs.org/center-align/-/center-align-0.1.3.tgz",
      "integrity": "sha1-qg0yYptu6XIgBBHL1EYckHvCt60=",
      "requires": {
        "align-text": "0.1.4",
        "lazy-cache": "1.0.4"
      }
    },
    "cliui": {
      "version": "2.1.0",
      "resolved": "https://registry.npmjs.org/cliui/-/cliui-2.1.0.tgz",
      "integrity": "sha1-S0dXYP+AJkx2LDoXGQMukcf+oNE=",
      "requires": {
        "center-align": "0.1.3",
        "right-align": "0.1.3",
        "wordwrap": "0.0.2"
      }
    },
    "color-convert": {
      "version": "1.9.1",
      "resolved": "https://registry.npmjs.org/color-convert/-/color-convert-1.9.1.tgz",
      "integrity": "sha512-mjGanIiwQJskCC18rPR6OmrZ6fm2Lc7PeGFYwCmy5J34wC6F1PzdGL6xeMfmgicfYcNLGuVFA3WzXtIDCQSZxQ==",
      "requires": {
        "color-name": "1.1.3"
      }
    },
    "color-name": {
      "version": "1.1.3",
      "resolved": "https://registry.npmjs.org/color-name/-/color-name-1.1.3.tgz",
      "integrity": "sha1-p9BVi9icQveV3UIyj3QIMcpTvCU="
    },
    "compute-size": {
      "version": "1.0.11",
      "resolved": "https://registry.npmjs.org/compute-size/-/compute-size-1.0.11.tgz",
      "integrity": "sha512-nFKo2Xfg3888TxAu6gWaPWkSA+KYMeVB0nE7jZHePQeZZmGsoy+DxZNHX13/LY5Bq5rKBzAcm2eLjLn49GDKYA==",
      "requires": {
        "fixed-or-percent": "1.0.10",
        "map-o": "2.0.8",
        "ul": "5.2.13"
      }
    },
    "couleurs": {
      "version": "6.0.9",
      "resolved": "https://registry.npmjs.org/couleurs/-/couleurs-6.0.9.tgz",
      "integrity": "sha1-srKj7jfa5Rh1ye/SQ+x+eJSvvJ4=",
      "requires": {
        "ansy": "1.0.13",
        "color-convert": "1.9.1",
        "iterate-object": "1.3.2",
        "typpy": "2.3.10"
      }
    },
    "cross-spawn": {
      "version": "4.0.2",
      "resolved": "https://registry.npmjs.org/cross-spawn/-/cross-spawn-4.0.2.tgz",
      "integrity": "sha1-e5JHYhwjrf3ThWAEqCPL45dCTUE=",
      "requires": {
        "lru-cache": "4.1.2",
        "which": "1.3.0"
      }
    },
    "custom-return": {
      "version": "1.0.10",
      "resolved": "https://registry.npmjs.org/custom-return/-/custom-return-1.0.10.tgz",
      "integrity": "sha512-WF07K2QwOIb6+mHYmiFP7oAlbVL+fkNgCGvjMMFuiVn5HExz75HWOyXslk+GgzEF72JiDlih8MyD1WJB8SYw7w==",
      "requires": {
        "noop6": "1.0.7"
      }
    },
    "debug": {
      "version": "3.1.0",
      "resolved": "https://registry.npmjs.org/debug/-/debug-3.1.0.tgz",
      "integrity": "sha512-OX8XqP7/1a9cqkxYw2yXss15f26NKWBpDXQd0/uK/KPqdQhxbPa994hnzjcE2VqQpDslf55723cKPUOGSmMY3g==",
      "requires": {
        "ms": "2.0.0"
      }
    },
    "decamelize": {
      "version": "1.2.0",
      "resolved": "https://registry.npmjs.org/decamelize/-/decamelize-1.2.0.tgz",
      "integrity": "sha1-9lNNFRSCabIDUue+4m9QH5oZEpA="
    },
    "deffy": {
      "version": "2.2.2",
      "resolved": "https://registry.npmjs.org/deffy/-/deffy-2.2.2.tgz",
      "integrity": "sha1-CI9AkTy0cHhlP6b2l8IG4DRx1SM=",
      "requires": {
        "typpy": "2.3.10"
      }
    },
    "err": {
      "version": "1.1.1",
      "resolved": "https://registry.npmjs.org/err/-/err-1.1.1.tgz",
      "integrity": "sha1-65KOLhGjFmSPeCgz0PlyWLpDwvg=",
      "requires": {
        "typpy": "2.3.10"
      }
    },
    "fixed-or-percent": {
      "version": "1.0.10",
      "resolved": "https://registry.npmjs.org/fixed-or-percent/-/fixed-or-percent-1.0.10.tgz",
      "integrity": "sha512-ePaOmX7WcQBpSohBuguScFIHJJ6dcw3QDbo/yr5Uiu2OtYxhAkiyD1/NCBBaMHKI/M7/5XITHY95JvepI4SeQg==",
      "requires": {
        "is-percent": "1.0.10",
        "percent-value": "1.0.7"
      }
    },
    "follow-redirects": {
      "version": "0.2.0",
      "resolved": "https://registry.npmjs.org/follow-redirects/-/follow-redirects-0.2.0.tgz",
      "integrity": "sha1-4CKdejiLtf97KfRPweG2LpISct8=",
      "requires": {
        "debug": "2.6.9",
        "stream-consume": "0.1.1"
      },
      "dependencies": {
        "debug": {
          "version": "2.6.9",
          "resolved": "https://registry.npmjs.org/debug/-/debug-2.6.9.tgz",
          "integrity": "sha512-bC7ElrdJaJnPbAP+1EotYvqZsb3ecl5wi6Bfi6BJTUcNowp6cvspg0jXznRTKDjm/E7AdgFBVeAPVMNcKGsHMA==",
          "requires": {
            "ms": "2.0.0"
          }
        }
      }
    },
    "function.name": {
      "version": "1.0.10",
      "resolved": "https://registry.npmjs.org/function.name/-/function.name-1.0.10.tgz",
      "integrity": "sha512-IPRArugcDP5O1oRUl2H55GnLNq3CV26bG/dFzLx0AR2dhB/4nj9rIqh1NBdlK7bWlfggV1Q+Aq5Jxafr/+j4BQ==",
      "requires": {
        "noop6": "1.0.7"
      }
    },
    "gm": {
      "version": "1.23.1",
      "resolved": "https://registry.npmjs.org/gm/-/gm-1.23.1.tgz",
      "integrity": "sha1-Lt7rlYCE0PjqeYjl2ZWxx9/BR3c=",
      "requires": {
        "array-parallel": "0.1.3",
        "array-series": "0.1.5",
        "cross-spawn": "4.0.2",
        "debug": "3.1.0"
      }
    },
    "gm-installed": {
      "version": "1.0.8",
      "resolved": "https://registry.npmjs.org/gm-installed/-/gm-installed-1.0.8.tgz",
      "integrity": "sha512-K4NiQT4oLRXGZ2iOaHfXSjaViMR9WU/T1h0ON90jZzGP+JQvJmdkPYXi3xg5dNwCZmITVmyIaHK8Ae3MVI97vA==",
      "requires": {
        "prgm-installed": "1.0.9"
      }
    },
    "gm-tools": {
      "version": "1.0.10",
      "resolved": "https://registry.npmjs.org/gm-tools/-/gm-tools-1.0.10.tgz",
      "integrity": "sha512-G+i6+0loC/4RdT/d9Fxr4gNb5zNVsLh2ebezzW/7yFp+2+t7KtLKtkXlD0ZMHeIsenlIMEhVsSb92zhO143Dyw==",
      "requires": {
        "gm": "1.23.1",
        "iterate-object": "1.3.2",
        "pixel-class": "1.0.7",
        "pngjs": "2.3.1",
        "same-time": "2.3.3"
      }
    },
    "has-flag": {
      "version": "1.0.0",
      "resolved": "https://registry.npmjs.org/has-flag/-/has-flag-1.0.0.tgz",
      "integrity": "sha1-nZ55MWXOAXoA8AQYxD+UKnsdEfo="
    },
    "image-parser": {
      "version": "1.2.6",
      "resolved": "https://registry.npmjs.org/image-parser/-/image-parser-1.2.6.tgz",
      "integrity": "sha512-hNFtJZ2/s9zwkscTFMPVKMhe7fnzs1eZV9Y389X86Q5gq5BQ2Qutk/mtDbvT9kP/8AOs7oSrYbH+ZNwAPmiGYQ==",
      "requires": {
        "cb-buffer": "2.1.7",
        "err": "1.1.1",
        "gm-tools": "1.0.10",
        "lwipify": "2.0.10",
        "noop6": "1.0.7",
        "pixel-class": "1.0.7"
      }
    },
    "image-to-ascii": {
      "version": "3.0.11",
      "resolved": "https://registry.npmjs.org/image-to-ascii/-/image-to-ascii-3.0.11.tgz",
      "integrity": "sha512-6Kn1WcL9ICJW34tJ/l584KHxdbaIkc0mSw0+UheNcBHA6W3bZO0bD26WmTHiRZfWJIC+1Wis/GtMV9WBYcrrYQ==",
      "requires": {
        "asciify-pixel-matrix": "1.0.12",
        "compute-size": "1.0.11",
        "image-parser": "1.2.6",
        "imgpx": "1.0.11",
        "one-by-one": "3.2.6",
        "terminal-char-width": "1.0.8",
        "ul": "5.2.13"
      }
    },
    "imgpx": {
      "version": "1.0.11",
      "resolved": "https://registry.npmjs.org/imgpx/-/imgpx-1.0.11.tgz",
      "integrity": "sha512-mW7Fr4IqYBHnOEPJWtZd8rCz8DHhQFUPvTFK9XR6M20NU/htT/ohtoRzPsVQOLMrU+vY9I9g/Swl0JiPYk8hag==",
      "requires": {
        "lwip-pixels": "1.1.8",
        "lwipify": "2.0.10"
      }
    },
    "is-buffer": {
      "version": "1.1.6",
      "resolved": "https://registry.npmjs.org/is-buffer/-/is-buffer-1.1.6.tgz",
      "integrity": "sha512-NcdALwpXkTm5Zvvbk7owOUSvVvBKDgKP5/ewfXEznmQFfs4ZRmanOeKBTjRVjka3QFoN6XJ+9F3USqfHqTaU5w=="
    },
    "is-percent": {
      "version": "1.0.10",
      "resolved": "https://registry.npmjs.org/is-percent/-/is-percent-1.0.10.tgz",
      "integrity": "sha512-VoXIX2gX2MpnqdHnDPt1/vOS5QUQxp+2eLDWbWYgYiqBcaSUFTwlhOLVI05eroilU8tbKkHkucBtSu/WaxsBkw==",
      "requires": {
        "last-char": "1.3.9"
      }
    },
    "is-ssh": {
      "version": "1.3.0",
      "resolved": "https://registry.npmjs.org/is-ssh/-/is-ssh-1.3.0.tgz",
      "integrity": "sha1-6+oRaaJhTaOSpjdANmw84EnY3/Y=",
      "requires": {
        "protocols": "1.4.6"
      }
    },
    "is-windows": {
      "version": "0.1.1",
      "resolved": "https://registry.npmjs.org/is-windows/-/is-windows-0.1.1.tgz",
      "integrity": "sha1-vjEHFUMc+rzMVKs5USEPoLbQGr4="
    },
    "isexe": {
      "version": "2.0.0",
      "resolved": "https://registry.npmjs.org/isexe/-/isexe-2.0.0.tgz",
      "integrity": "sha1-6PvzdNxVb/iUehDcsFctYz8s+hA="
    },
    "iterate-object": {
      "version": "1.3.2",
      "resolved": "https://registry.npmjs.org/iterate-object/-/iterate-object-1.3.2.tgz",
      "integrity": "sha1-JOwVr/pdADnog5aVohwsrh9Ftms="
    },
    "kind-of": {
      "version": "3.2.2",
      "resolved": "https://registry.npmjs.org/kind-of/-/kind-of-3.2.2.tgz",
      "integrity": "sha1-MeohpzS6ubuw8yRm2JOupR5KPGQ=",
      "requires": {
        "is-buffer": "1.1.6"
      }
    },
    "last-char": {
      "version": "1.3.9",
      "resolved": "https://registry.npmjs.org/last-char/-/last-char-1.3.9.tgz",
      "integrity": "sha512-8jsWryUJCx06lnQCV+XjnHd4QxIvH3Flvzb9GDgA4iwkzj8VKl2iEP0IHrVJ+Ez1FWSt92BykXUDpn/f1CD+Mw=="
    },
    "lazy-cache": {
      "version": "1.0.4",
      "resolved": "https://registry.npmjs.org/lazy-cache/-/lazy-cache-1.0.4.tgz",
      "integrity": "sha1-odePw6UEdMuAhF07O24dpJpEbo4="
    },
    "longest": {
      "version": "1.0.1",
      "resolved": "https://registry.npmjs.org/longest/-/longest-1.0.1.tgz",
      "integrity": "sha1-MKCy2jj3N3DoKUoNIuZiXtd9AJc="
    },
    "lru-cache": {
      "version": "4.1.2",
      "resolved": "https://registry.npmjs.org/lru-cache/-/lru-cache-4.1.2.tgz",
      "integrity": "sha512-wgeVXhrDwAWnIF/yZARsFnMBtdFXOg1b8RIrhilp+0iDYN4mdQcNZElDZ0e4B64BhaxeQ5zN7PMyvu7we1kPeQ==",
      "requires": {
        "pseudomap": "1.0.2",
        "yallist": "2.1.2"
      }
    },
    "lwip-pixels": {
      "version": "1.1.8",
      "resolved": "https://registry.npmjs.org/lwip-pixels/-/lwip-pixels-1.1.8.tgz",
      "integrity": "sha512-xHcZQZMcn+6QSJaZQwXf8DYqFpnEXtMoPm4uPNIPhuLgd0iuhrdiNpFIXI47rCDmJwwRMFNu2uJVYDcPaxh6zQ==",
      "requires": {
        "pixel-class": "1.0.7"
      }
    },
    "lwip2": {
      "version": "1.0.13",
      "resolved": "https://registry.npmjs.org/lwip2/-/lwip2-1.0.13.tgz",
      "integrity": "sha512-4q+RkFIFMulSDyz9UcRg65nzf5aWNRqEG14xygURKsFpODWelUZUS2aFqC2uCWGE4syzMdL3bo8QQZUA0Kbs4Q==",
      "requires": {
        "err": "1.1.1",
        "gm-installed": "1.0.8"
      }
    },
    "lwipify": {
      "version": "2.0.10",
      "resolved": "https://registry.npmjs.org/lwipify/-/lwipify-2.0.10.tgz",
      "integrity": "sha512-tPPzdAsoSL/dWxoLvuUrZtT2iwZZnWH4npmSUrJ6+U4AvRPLtB2NSOgWjf8crTW1BJ9JUgTJxz6irPYpYHOVZQ==",
      "requires": {
        "lwip2": "1.0.13",
        "noop6": "1.0.7",
        "tinyreq": "3.3.1",
        "url-remote": "1.1.7"
      }
    },
    "map-o": {
      "version": "2.0.8",
      "resolved": "https://registry.npmjs.org/map-o/-/map-o-2.0.8.tgz",
      "integrity": "sha1-muh1oEd7ksCuJbBIKEvJnJdXrhY=",
      "requires": {
        "iterate-object": "1.3.2"
      }
    },
    "minimist": {
      "version": "1.2.0",
      "resolved": "https://registry.npmjs.org/minimist/-/minimist-1.2.0.tgz",
      "integrity": "sha1-o1AIsg9BOD7sH7kU9M1d95omQoQ="
    },
    "ms": {
      "version": "2.0.0",
      "resolved": "https://registry.npmjs.org/ms/-/ms-2.0.0.tgz",
      "integrity": "sha1-VgiurfwAvmwpAd9fmGF4jeDVl8g="
    },
    "noop6": {
      "version": "1.0.7",
      "resolved": "https://registry.npmjs.org/noop6/-/noop6-1.0.7.tgz",
      "integrity": "sha1-lnZ78gWLpZyoy5FVk0fdyAI5+o4="
    },
    "obj-def": {
      "version": "1.0.6",
      "resolved": "https://registry.npmjs.org/obj-def/-/obj-def-1.0.6.tgz",
      "integrity": "sha1-d1ThcohJwvk00f3SvnL+Yn7LWxQ=",
      "requires": {
        "deffy": "2.2.2"
      }
    },
    "one-by-one": {
      "version": "3.2.6",
      "resolved": "https://registry.npmjs.org/one-by-one/-/one-by-one-3.2.6.tgz",
      "integrity": "sha1-M+Pelthw+alL3LY/ontRcAvhESs=",
      "requires": {
        "obj-def": "1.0.6",
        "sliced": "1.0.1"
      }
    },
    "parse-url": {
      "version": "1.3.11",
      "resolved": "https://registry.npmjs.org/parse-url/-/parse-url-1.3.11.tgz",
      "integrity": "sha1-V8FUKKuKiSsfQ4aWRccR0OFEtVQ=",
      "requires": {
        "is-ssh": "1.3.0",
        "protocols": "1.4.6"
      }
    },
    "percent-value": {
      "version": "1.0.7",
      "resolved": "https://registry.npmjs.org/percent-value/-/percent-value-1.0.7.tgz",
      "integrity": "sha1-Mp/DBAw6PnY4tIEKA0sGUrBKm0k="
    },
    "pixel-bg": {
      "version": "1.0.8",
      "resolved": "https://registry.npmjs.org/pixel-bg/-/pixel-bg-1.0.8.tgz",
      "integrity": "sha1-JCkmScUFZlWPvwMIkPaRnhQ2bFg=",
      "requires": {
        "pixel-class": "1.0.7"
      }
    },
    "pixel-class": {
      "version": "1.0.7",
      "resolved": "https://registry.npmjs.org/pixel-class/-/pixel-class-1.0.7.tgz",
      "integrity": "sha1-kEqFjx1KDMAy1GGh5H57wOx97yM=",
      "requires": {
        "deffy": "2.2.2"
      }
    },
    "pixel-white-bg": {
      "version": "1.0.7",
      "resolved": "https://registry.npmjs.org/pixel-white-bg/-/pixel-white-bg-1.0.7.tgz",
      "integrity": "sha1-DPvFs4XkzY5dozZi+Ja8mVg5lYc=",
      "requires": {
        "pixel-bg": "1.0.8"
      }
    },
    "pngjs": {
      "version": "2.3.1",
      "resolved": "https://registry.npmjs.org/pngjs/-/pngjs-2.3.1.tgz",
      "integrity": "sha1-EdHhK5y2TWPjDBQ6Mw9MH1Z9qF8="
    },
    "prgm-installed": {
      "version": "1.0.9",
      "resolved": "https://registry.npmjs.org/prgm-installed/-/prgm-installed-1.0.9.tgz",
      "integrity": "sha512-ZEdfzHVYWwF8iZ4nhuETtkCzxy/LJujDjBKFp/wF0sp0vxHOy2X19/hepTqx0s1hnMgadYQJTCuvAmtPRn91YA==",
      "requires": {
        "which": "1.3.0"
      }
    },
    "protocols": {
      "version": "1.4.6",
      "resolved": "https://registry.npmjs.org/protocols/-/protocols-1.4.6.tgz",
      "integrity": "sha1-+LsmPqG1/Xp2BNJri+Ob13Z4v4o="
    },
    "pseudomap": {
      "version": "1.0.2",
      "resolved": "https://registry.npmjs.org/pseudomap/-/pseudomap-1.0.2.tgz",
      "integrity": "sha1-8FKijacOYYkX7wqKw0wa5aaChrM="
    },
    "queuedo": {
      "version": "0.9.7",
      "resolved": "https://registry.npmjs.org/queuedo/-/queuedo-0.9.7.tgz",
      "integrity": "sha1-cLlwvEfZGnpm3h3E14Z3WwGhAos="
    },
    "repeat-string": {
      "version": "1.6.1",
      "resolved": "https://registry.npmjs.org/repeat-string/-/repeat-string-1.6.1.tgz",
      "integrity": "sha1-jcrkcOHIirwtYA//Sndihtp15jc="
    },
    "right-align": {
      "version": "0.1.3",
      "resolved": "https://registry.npmjs.org/right-align/-/right-align-0.1.3.tgz",
      "integrity": "sha1-YTObci/mo1FWiSENJOFMlhSGE+8=",
      "requires": {
        "align-text": "0.1.4"
      }
    },
    "same-time": {
      "version": "2.3.3",
      "resolved": "https://registry.npmjs.org/same-time/-/same-time-2.3.3.tgz",
      "integrity": "sha1-jLRUyFxQ5eMBMthgXRZDBfymya8=",
      "requires": {
        "deffy": "2.0.0"
      },
      "dependencies": {
        "deffy": {
          "version": "2.0.0",
          "resolved": "https://registry.npmjs.org/deffy/-/deffy-2.0.0.tgz",
          "integrity": "sha1-+C4I7qUYxKCjCx8D7FBNJIryiTI=",
          "requires": {
            "typpy": "2.3.10"
          }
        }
      }
    },
    "sliced": {
      "version": "1.0.1",
      "resolved": "https://registry.npmjs.org/sliced/-/sliced-1.0.1.tgz",
      "integrity": "sha1-CzpmK10Ewxd7GSa+qCsD+Dei70E="
    },
    "source-map": {
      "version": "0.5.7",
      "resolved": "https://registry.npmjs.org/source-map/-/source-map-0.5.7.tgz",
      "integrity": "sha1-igOdLRAh0i0eoUyA2OpGi6LvP8w="
    },
    "stream-consume": {
      "version": "0.1.1",
      "resolved": "https://registry.npmjs.org/stream-consume/-/stream-consume-0.1.1.tgz",
      "integrity": "sha512-tNa3hzgkjEP7XbCkbRXe1jpg+ievoa0O4SCFlMOYEscGSS4JJsckGL8swUyAa/ApGU3Ae4t6Honor4HhL+tRyg=="
    },
    "supports-color": {
      "version": "3.2.3",
      "resolved": "https://registry.npmjs.org/supports-color/-/supports-color-3.2.3.tgz",
      "integrity": "sha1-ZawFBLOVQXHYpklGsq48u4pfVPY=",
      "requires": {
        "has-flag": "1.0.0"
      }
    },
    "terminal-char-width": {
      "version": "1.0.8",
      "resolved": "https://registry.npmjs.org/terminal-char-width/-/terminal-char-width-1.0.8.tgz",
      "integrity": "sha512-d8B7Kf6QYWIKgGcvFthbNy/Qm/yy9K7DQId6BUq0ujQge6H2IcKES6uKEbS9swrhEH6Mvr4n7dtcuhl8bAwaSA==",
      "requires": {
        "is-windows": "0.1.1"
      }
    },
    "tinyreq": {
      "version": "3.3.1",
      "resolved": "https://registry.npmjs.org/tinyreq/-/tinyreq-3.3.1.tgz",
      "integrity": "sha512-+RaZrmQwP38UQedTetKkgBDbij5T1Z4wxD18mz/OQ/0umpSlhV7oJ9+Oyvxa54zGHbaCcavL8+LE41Cai/CNzw==",
      "requires": {
        "assured": "1.0.12",
        "follow-redirects": "0.2.0",
        "noop6": "1.0.7",
        "ul": "5.2.13"
      }
    },
    "typpy": {
      "version": "2.3.10",
      "resolved": "https://registry.npmjs.org/typpy/-/typpy-2.3.10.tgz",
      "integrity": "sha512-DKiSmYeXF4q+K0H999sVROLjwsngad5AloblLo72No+xVT9W09ytUIOCC/3puHsf+Dsf8M2hoPds0H1HwJgQqg==",
      "requires": {
        "function.name": "1.0.10"
      }
    },
    "uglify-js": {
      "version": "2.8.29",
      "resolved": "https://registry.npmjs.org/uglify-js/-/uglify-js-2.8.29.tgz",
      "integrity": "sha1-KcVzMUgFe7Th913zW3qcty5qWd0=",
      "requires": {
        "source-map": "0.5.7",
        "uglify-to-browserify": "1.0.2",
        "yargs": "3.10.0"
      }
    },
    "uglify-to-browserify": {
      "version": "1.0.2",
      "resolved": "https://registry.npmjs.org/uglify-to-browserify/-/uglify-to-browserify-1.0.2.tgz",
      "integrity": "sha1-bgkk1r2mta/jSeOabWMoUKD4grc=",
      "optional": true
    },
    "ul": {
      "version": "5.2.13",
      "resolved": "https://registry.npmjs.org/ul/-/ul-5.2.13.tgz",
      "integrity": "sha1-n/BQTqNcofdMC/WeZIDe8Am617U=",
      "requires": {
        "deffy": "2.2.2",
        "typpy": "2.3.10"
      }
    },
    "underscore": {
      "version": "1.8.3",
      "resolved": "https://registry.npmjs.org/underscore/-/underscore-1.8.3.tgz",
      "integrity": "sha1-Tz+1OxBuYJf8+ctBCfKl6b36UCI="
    },
    "url-local": {
      "version": "1.1.7",
      "resolved": "https://registry.npmjs.org/url-local/-/url-local-1.1.7.tgz",
      "integrity": "sha512-EP80TqSrQHZmYFEqaeUsVUTGPMieOaGOtjDqx4dnACRfottIttycRSAqj8k1ffynX+e/rRQ4D0h0k/Dmmt3NhQ==",
      "requires": {
        "parse-url": "1.3.11"
      }
    },
    "url-remote": {
      "version": "1.1.7",
      "resolved": "https://registry.npmjs.org/url-remote/-/url-remote-1.1.7.tgz",
      "integrity": "sha512-jNPdG3eeaF/ydHvGJQv6y038p5si+oFLo6CxByI2l9qICbwB0Ms3kcNYV9twimTiwgMgRgI3+JVmP7aUpDVVPQ==",
      "requires": {
        "url-local": "1.1.7"
      }
    },
    "walkdo": {
      "version": "0.9.6",
      "resolved": "https://registry.npmjs.org/walkdo/-/walkdo-0.9.6.tgz",
      "integrity": "sha1-a1hA/P7HUBQjzKyJKDLHGhlrl0g=",
      "requires": {
        "queuedo": "0.9.7"
      }
    },
    "which": {
      "version": "1.3.0",
      "resolved": "https://registry.npmjs.org/which/-/which-1.3.0.tgz",
      "integrity": "sha512-xcJpopdamTuY5duC/KnTTNBraPK54YwpenP4lzxU8H91GudWpFv38u0CKjclE1Wi2EH2EDz5LRcHcKbCIzqGyg==",
      "requires": {
        "isexe": "2.0.0"
      }
    },
    "window-size": {
      "version": "0.1.0",
      "resolved": "https://registry.npmjs.org/window-size/-/window-size-0.1.0.tgz",
      "integrity": "sha1-VDjNLqk7IC76Ohn+iIeu58lPnJ0="
    },
    "wordwrap": {
      "version": "0.0.2",
      "resolved": "https://registry.npmjs.org/wordwrap/-/wordwrap-0.0.2.tgz",
      "integrity": "sha1-t5Zpu0LstAn4PVg8rVLKF+qhZD8="
    },
    "yallist": {
      "version": "2.1.2",
      "resolved": "https://registry.npmjs.org/yallist/-/yallist-2.1.2.tgz",
      "integrity": "sha1-HBH5IY8HYImkfdUS+TxmmaaoHVI="
    },
    "yargs": {
      "version": "3.10.0",
      "resolved": "https://registry.npmjs.org/yargs/-/yargs-3.10.0.tgz",
      "integrity": "sha1-9+572FfdfB0tOMDnTvvWgdFDH9E=",
      "requires": {
        "camelcase": "1.2.1",
        "cliui": "2.1.0",
        "decamelize": "1.2.0",
        "window-size": "0.1.0"
      }
    }
  }
}
